
Microsoft Visual Studio Solution File, Format Version 11.00
# Visual Studio 2010
Project("{FAE04EC0-301F-11D3-BF4B-00C04F79EFBC}") = "Don't Touch The Pipe", "Assembly-CSharp.csproj", "{0566D82D-B79F-B6F0-80F3-D8CF9AEC489E}"
EndProject
Global
	GlobalSection(SolutionConfigurationPlatforms) = preSolution
		Debug|Any CPU = Debug|Any CPU
		Release|Any CPU = Release|Any CPU
	EndGlobalSection
	GlobalSection(ProjectConfigurationPlatforms) = postSolution
		{0566D82D-B79F-B6F0-80F3-D8CF9AEC489E}.Debug|Any CPU.ActiveCfg = Debug|Any CPU
		{0566D82D-B79F-B6F0-80F3-D8CF9AEC489E}.Debug|Any CPU.Build.0 = Debug|Any CPU
		{0566D82D-B79F-B6F0-80F3-D8CF9AEC489E}.Release|Any CPU.ActiveCfg = Release|Any CPU
		{0566D82D-B79F-B6F0-80F3-D8CF9AEC489E}.Release|Any CPU.Build.0 = Release|Any CPU
	EndGlobalSection
	GlobalSection(SolutionProperties) = preSolution
		HideSolutionNode = FALSE
	EndGlobalSection
	GlobalSection(MonoDevelopProperties) = preSolution
		StartupItem = Assembly-CSharp.csproj
	EndGlobalSection
EndGlobal
